// !$*UTF8*$!
{
	archiveVersion = 1;
	classes = {
	};
	objectVersion = 46;
	objects = {

/* Begin PBXBuildFile section */
		130A3FED1D789A0F004E9583 /* JDTransition.h in Headers */ = {isa = PBXBuildFile; fileRef = 130A3FEC1D789A0F004E9583 /* JDTransition.h */; settings = {ATTRIBUTES = (Public, ); }; };
		130A3FFA1D789AB1004E9583 /* JDSegueSlideFromX.swift in Sources */ = {isa = PBXBuildFile; fileRef = 130A3FF41D789AB1004E9583 /* JDSegueSlideFromX.swift */; };
		130A3FFB1D789AB1004E9583 /* JDSegueScaleOut.swift in Sources */ = {isa = PBXBuildFile; fileRef = 130A3FF51D789AB1004E9583 /* JDSegueScaleOut.swift */; };
		130A3FFC1D789AB1004E9583 /* JDSegueScaleIn.swift in Sources */ = {isa = PBXBuildFile; fileRef = 130A3FF61D789AB1004E9583 /* JDSegueScaleIn.swift */; };
		130A3FFF1D789AB1004E9583 /* JDSegueProtocol.swift in Sources */ = {isa = PBXBuildFile; fileRef = 130A3FF91D789AB1004E9583 /* JDSegueProtocol.swift */; };
		13728E421D9958F1000A20B6 /* JDAnimator.swift in Sources */ = {isa = PBXBuildFile; fileRef = 13728E411D9958F1000A20B6 /* JDAnimator.swift */; };
		13728E441D995923000A20B6 /* JDSlideFromXAnimation.swift in Sources */ = {isa = PBXBuildFile; fileRef = 13728E431D995923000A20B6 /* JDSlideFromXAnimation.swift */; };
		13D9A7631D99833D00844A1A /* JDNavigationDelegate.swift in Sources */ = {isa = PBXBuildFile; fileRef = 13D9A7621D99833D00844A1A /* JDNavigationDelegate.swift */; };
/* End PBXBuildFile section */

/* Begin PBXFileReference section */
		130A3FE91D789A0F004E9583 /* JDTransition.framework */ = {isa = PBXFileReference; explicitFileType = wrapper.framework; includeInIndex = 0; path = JDTransition.framework; sourceTree = BUILT_PRODUCTS_DIR; };
		130A3FEC1D789A0F004E9583 /* JDTransition.h */ = {isa = PBXFileReference; lastKnownFileType = sourcecode.c.h; path = JDTransition.h; sourceTree = "<group>"; };
		130A3FEE1D789A0F004E9583 /* Info.plist */ = {isa = PBXFileReference; lastKnownFileType = text.plist.xml; path = Info.plist; sourceTree = "<group>"; };
		130A3FF41D789AB1004E9583 /* JDSegueSlideFromX.swift */ = {isa = PBXFileReference; fileEncoding = 4; lastKnownFileType = sourcecode.swift; path = JDSegueSlideFromX.swift; sourceTree = "<group>"; };
		130A3FF51D789AB1004E9583 /* JDSegueScaleOut.swift */ = {isa = PBXFileReference; fileEncoding = 4; lastKnownFileType = sourcecode.swift; path = JDSegueScaleOut.swift; sourceTree = "<group>"; };
		130A3FF61D789AB1004E9583 /* JDSegueScaleIn.swift */ = {isa = PBXFileReference; fileEncoding = 4; lastKnownFileType = sourcecode.swift; path = JDSegueScaleIn.swift; sourceTree = "<group>"; };
		130A3FF91D789AB1004E9583 /* JDSegueProtocol.swift */ = {isa = PBXFileReference; fileEncoding = 4; lastKnownFileType = sourcecode.swift; path = JDSegueProtocol.swift; sourceTree = "<group>"; };
		13728E411D9958F1000A20B6 /* JDAnimator.swift */ = {isa = PBXFileReference; fileEncoding = 4; lastKnownFileType = sourcecode.swift; path = JDAnimator.swift; sourceTree = "<group>"; };
		13728E431D995923000A20B6 /* JDSlideFromXAnimation.swift */ = {isa = PBXFileReference; fileEncoding = 4; lastKnownFileType = sourcecode.swift; path = JDSlideFromXAnimation.swift; sourceTree = "<group>"; };
		13D9A7621D99833D00844A1A /* JDNavigationDelegate.swift */ = {isa = PBXFileReference; fileEncoding = 4; lastKnownFileType = sourcecode.swift; path = JDNavigationDelegate.swift; sourceTree = "<group>"; };
/* End PBXFileReference section */

/* Begin PBXFrameworksBuildPhase section */
		130A3FE51D789A0F004E9583 /* Frameworks */ = {
			isa = PBXFrameworksBuildPhase;
			buildActionMask = 2147483647;
			files = (
			);
			runOnlyForDeploymentPostprocessing = 0;
		};
/* End PBXFrameworksBuildPhase section */

/* Begin PBXGroup section */
		130A3FDF1D789A0F004E9583 = {
			isa = PBXGroup;
			children = (
				130A3FEB1D789A0F004E9583 /* JDTransition */,
				130A3FEA1D789A0F004E9583 /* Products */,
			);
			sourceTree = "<group>";
		};
		130A3FEA1D789A0F004E9583 /* Products */ = {
			isa = PBXGroup;
			children = (
				130A3FE91D789A0F004E9583 /* JDTransition.framework */,
			);
			name = Products;
			sourceTree = "<group>";
		};
		130A3FEB1D789A0F004E9583 /* JDTransition */ = {
			isa = PBXGroup;
			children = (
				13728E3F1D9958BB000A20B6 /* Animations */,
				13D9A7691D99930100844A1A /* NavigationController */,
				130A40011D789ABE004E9583 /* Segues */,
				130A3FEC1D789A0F004E9583 /* JDTransition.h */,
				130A3FEE1D789A0F004E9583 /* Info.plist */,
			);
			path = JDTransition;
			sourceTree = "<group>";
		};
		130A40011D789ABE004E9583 /* Segues */ = {
			isa = PBXGroup;
			children = (
				130A3FF91D789AB1004E9583 /* JDSegueProtocol.swift */,
				130A3FF41D789AB1004E9583 /* JDSegueSlideFromX.swift */,
				130A3FF51D789AB1004E9583 /* JDSegueScaleOut.swift */,
				130A3FF61D789AB1004E9583 /* JDSegueScaleIn.swift */,
			);
			name = Segues;
			sourceTree = "<group>";
		};
		13728E3F1D9958BB000A20B6 /* Animations */ = {
			isa = PBXGroup;
			children = (
				13728E431D995923000A20B6 /* JDSlideFromXAnimation.swift */,
			);
			name = Animations;
			sourceTree = "<group>";
		};
		13D9A7691D99930100844A1A /* NavigationController */ = {
			isa = PBXGroup;
			children = (
				13D9A7621D99833D00844A1A /* JDNavigationDelegate.swift */,
				13728E411D9958F1000A20B6 /* JDAnimator.swift */,
			);
			name = NavigationController;
			sourceTree = "<group>";
		};
/* End PBXGroup section */

/* Begin PBXHeadersBuildPhase section */
		130A3FE61D789A0F004E9583 /* Headers */ = {
			isa = PBXHeadersBuildPhase;
			buildActionMask = 2147483647;
			files = (
				130A3FED1D789A0F004E9583 /* JDTransition.h in Headers */,
			);
			runOnlyForDeploymentPostprocessing = 0;
		};
/* End PBXHeadersBuildPhase section */

/* Begin PBXNativeTarget section */
		130A3FE81D789A0F004E9583 /* JDTransition */ = {
			isa = PBXNativeTarget;
			buildConfigurationList = 130A3FF11D789A0F004E9583 /* Build configuration list for PBXNativeTarget "JDTransition" */;
			buildPhases = (
				130A3FE41D789A0F004E9583 /* Sources */,
				130A3FE51D789A0F004E9583 /* Frameworks */,
				130A3FE61D789A0F004E9583 /* Headers */,
				130A3FE71D789A0F004E9583 /* Resources */,
			);
			buildRules = (
			);
			dependencies = (
			);
			name = JDTransition;
			productName = JDTransition;
			productReference = 130A3FE91D789A0F004E9583 /* JDTransition.framework */;
			productType = "com.apple.product-type.framework";
		};
/* End PBXNativeTarget section */

/* Begin PBXProject section */
		130A3FE01D789A0F004E9583 /* Project object */ = {
			isa = PBXProject;
			attributes = {
				LastUpgradeCheck = 0800;
				ORGANIZATIONNAME = "Jan Dammshäuser";
				TargetAttributes = {
					130A3FE81D789A0F004E9583 = {
						CreatedOnToolsVersion = 7.3.1;
						LastSwiftMigration = 0800;
					};
				};
			};
			buildConfigurationList = 130A3FE31D789A0F004E9583 /* Build configuration list for PBXProject "JDTransition" */;
			compatibilityVersion = "Xcode 3.2";
			developmentRegion = English;
			hasScannedForEncodings = 0;
			knownRegions = (
				en,
			);
			mainGroup = 130A3FDF1D789A0F004E9583;
			productRefGroup = 130A3FEA1D789A0F004E9583 /* Products */;
			projectDirPath = "";
			projectRoot = "";
			targets = (
				130A3FE81D789A0F004E9583 /* JDTransition */,
			);
		};
/* End PBXProject section */

/* Begin PBXResourcesBuildPhase section */
		130A3FE71D789A0F004E9583 /* Resources */ = {
			isa = PBXResourcesBuildPhase;
			buildActionMask = 2147483647;
			files = (
			);
			runOnlyForDeploymentPostprocessing = 0;
		};
/* End PBXResourcesBuildPhase section */

/* Begin PBXSourcesBuildPhase section */
		130A3FE41D789A0F004E9583 /* Sources */ = {
			isa = PBXSourcesBuildPhase;
			buildActionMask = 2147483647;
			files = (
				130A3FFF1D789AB1004E9583 /* JDSegueProtocol.swift in Sources */,
				13728E441D995923000A20B6 /* JDSlideFromXAnimation.swift in Sources */,
				130A3FFA1D789AB1004E9583 /* JDSegueSlideFromX.swift in Sources */,
				13728E421D9958F1000A20B6 /* JDAnimator.swift in Sources */,
				130A3FFB1D789AB1004E9583 /* JDSegueScaleOut.swift in Sources */,
				13D9A7631D99833D00844A1A /* JDNavigationDelegate.swift in Sources */,
				130A3FFC1D789AB1004E9583 /* JDSegueScaleIn.swift in Sources */,
			);
			runOnlyForDeploymentPostprocessing = 0;
		};
/* End PBXSourcesBuildPhase section */

/* Begin XCBuildConfiguration section */
		130A3FEF1D789A0F004E9583 /* Debug */ = {
			isa = XCBuildConfiguration;
			buildSettings = {
				ALWAYS_SEARCH_USER_PATHS = NO;
				CLANG_ANALYZER_NONNULL = YES;
				CLANG_CXX_LANGUAGE_STANDARD = "gnu++0x";
				CLANG_CXX_LIBRARY = "libc++";
				CLANG_ENABLE_MODULES = YES;
				CLANG_ENABLE_OBJC_ARC = YES;
				CLANG_WARN_BOOL_CONVERSION = YES;
				CLANG_WARN_CONSTANT_CONVERSION = YES;
				CLANG_WARN_DIRECT_OBJC_ISA_USAGE = YES_ERROR;
				CLANG_WARN_EMPTY_BODY = YES;
				CLANG_WARN_ENUM_CONVERSION = YES;
				CLANG_WARN_INFINITE_RECURSION = YES;
				CLANG_WARN_INT_CONVERSION = YES;
				CLANG_WARN_OBJC_ROOT_CLASS = YES_ERROR;
				CLANG_WARN_SUSPICIOUS_MOVE = YES;
				CLANG_WARN_UNREACHABLE_CODE = YES;
				CLANG_WARN__DUPLICATE_METHOD_MATCH = YES;
				"CODE_SIGN_IDENTITY[sdk=iphoneos*]" = "iPhone Developer";
				COPY_PHASE_STRIP = NO;
				CURRENT_PROJECT_VERSION = 1;
				DEBUG_INFORMATION_FORMAT = dwarf;
				ENABLE_STRICT_OBJC_MSGSEND = YES;
				ENABLE_TESTABILITY = YES;
				GCC_C_LANGUAGE_STANDARD = gnu99;
				GCC_DYNAMIC_NO_PIC = NO;
				GCC_NO_COMMON_BLOCKS = YES;
				GCC_OPTIMIZATION_LEVEL = 0;
				GCC_PREPROCESSOR_DEFINITIONS = (
					"DEBUG=1",
					"$(inherited)",
				);
				GCC_WARN_64_TO_32_BIT_CONVERSION = YES;
				GCC_WARN_ABOUT_RETURN_TYPE = YES_ERROR;
				GCC_WARN_UNDECLARED_SELECTOR = YES;
				GCC_WARN_UNINITIALIZED_AUTOS = YES_AGGRESSIVE;
				GCC_WARN_UNUSED_FUNCTION = YES;
				GCC_WARN_UNUSED_VARIABLE = YES;
				IPHONEOS_DEPLOYMENT_TARGET = 9.0;
				MTL_ENABLE_DEBUG_INFO = YES;
				ONLY_ACTIVE_ARCH = YES;
				SDKROOT = iphoneos;
				SWIFT_OPTIMIZATION_LEVEL = "-Onone";
				TARGETED_DEVICE_FAMILY = "1,2";
				VERSIONING_SYSTEM = "apple-generic";
				VERSION_INFO_PREFIX = "";
			};
			name = Debug;
		};
		130A3FF01D789A0F004E9583 /* Release */ = {
			isa = XCBuildConfiguration;
			buildSettings = {
				ALWAYS_SEARCH_USER_PATHS = NO;
				CLANG_ANALYZER_NONNULL = YES;
				CLANG_CXX_LANGUAGE_STANDARD = "gnu++0x";
				CLANG_CXX_LIBRARY = "libc++";
				CLANG_ENABLE_MODULES = YES;
				CLANG_ENABLE_OBJC_ARC = YES;
				CLANG_WARN_BOOL_CONVERSION = YES;
				CLANG_WARN_CONSTANT_CONVERSION = YES;
				CLANG_WARN_DIRECT_OBJC_ISA_USAGE = YES_ERROR;
				CLANG_WARN_EMPTY_BODY = YES;
				CLANG_WARN_ENUM_CONVERSION = YES;
				CLANG_WARN_INFINITE_RECURSION = YES;
				CLANG_WARN_INT_CONVERSION = YES;
				CLANG_WARN_OBJC_ROOT_CLASS = YES_ERROR;
				CLANG_WARN_SUSPICIOUS_MOVE = YES;
				CLANG_WARN_UNREACHABLE_CODE = YES;
				CLANG_WARN__DUPLICATE_METHOD_MATCH = YES;
				"CODE_SIGN_IDENTITY[sdk=iphoneos*]" = "iPhone Developer";
				COPY_PHASE_STRIP = NO;
				CURRENT_PROJECT_VERSION = 1;
				DEBUG_INFORMATION_FORMAT = "dwarf-with-dsym";
				ENABLE_NS_ASSERTIONS = NO;
				ENABLE_STRICT_OBJC_MSGSEND = YES;
				GCC_C_LANGUAGE_STANDARD = gnu99;
				GCC_NO_COMMON_BLOCKS = YES;
				GCC_WARN_64_TO_32_BIT_CONVERSION = YES;
				GCC_WARN_ABOUT_RETURN_TYPE = YES_ERROR;
				GCC_WARN_UNDECLARED_SELECTOR = YES;
				GCC_WARN_UNINITIALIZED_AUTOS = YES_AGGRESSIVE;
				GCC_WARN_UNUSED_FUNCTION = YES;
				GCC_WARN_UNUSED_VARIABLE = YES;
				IPHONEOS_DEPLOYMENT_TARGET = 9.0;
				MTL_ENABLE_DEBUG_INFO = NO;
				SDKROOT = iphoneos;
				SWIFT_OPTIMIZATION_LEVEL = "-Owholemodule";
				TARGETED_DEVICE_FAMILY = "1,2";
				VALIDATE_PRODUCT = YES;
				VERSIONING_SYSTEM = "apple-generic";
				VERSION_INFO_PREFIX = "";
			};
			name = Release;
		};
		130A3FF21D789A0F004E9583 /* Debug */ = {
			isa = XCBuildConfiguration;
			buildSettings = {
				CLANG_ENABLE_MODULES = YES;
				"CODE_SIGN_IDENTITY[sdk=iphoneos*]" = "";
				DEFINES_MODULE = YES;
				DYLIB_COMPATIBILITY_VERSION = 1;
				DYLIB_CURRENT_VERSION = 1;
				DYLIB_INSTALL_NAME_BASE = "@rpath";
				INFOPLIST_FILE = JDTransition/Info.plist;
				INSTALL_PATH = "$(LOCAL_LIBRARY_DIR)/Frameworks";
				IPHONEOS_DEPLOYMENT_TARGET = 9.0;
				LD_RUNPATH_SEARCH_PATHS = "$(inherited) @executable_path/Frameworks @loader_path/Frameworks";
				PRODUCT_BUNDLE_IDENTIFIER = de.jandamm.JDTransition;
				PRODUCT_NAME = "$(TARGET_NAME)";
				SKIP_INSTALL = YES;
				SWIFT_OPTIMIZATION_LEVEL = "-Onone";
				SWIFT_VERSION = 3.0;
			};
			name = Debug;
		};
		130A3FF31D789A0F004E9583 /* Release */ = {
			isa = XCBuildConfiguration;
			buildSettings = {
				CLANG_ENABLE_MODULES = YES;
				"CODE_SIGN_IDENTITY[sdk=iphoneos*]" = "";
				DEFINES_MODULE = YES;
				DYLIB_COMPATIBILITY_VERSION = 1;
				DYLIB_CURRENT_VERSION = 1;
				DYLIB_INSTALL_NAME_BASE = "@rpath";
				INFOPLIST_FILE = JDTransition/Info.plist;
				INSTALL_PATH = "$(LOCAL_LIBRARY_DIR)/Frameworks";
				IPHONEOS_DEPLOYMENT_TARGET = 9.0;
				LD_RUNPATH_SEARCH_PATHS = "$(inherited) @executable_path/Frameworks @loader_path/Frameworks";
				PRODUCT_BUNDLE_IDENTIFIER = de.jandamm.JDTransition;
				PRODUCT_NAME = "$(TARGET_NAME)";
				SKIP_INSTALL = YES;
				SWIFT_VERSION = 3.0;
			};
			name = Release;
		};
/* End XCBuildConfiguration section */

/* Begin XCConfigurationList section */
		130A3FE31D789A0F004E9583 /* Build configuration list for PBXProject "JDTransition" */ = {
			isa = XCConfigurationList;
			buildConfigurations = (
				130A3FEF1D789A0F004E9583 /* Debug */,
				130A3FF01D789A0F004E9583 /* Release */,
			);
			defaultConfigurationIsVisible = 0;
			defaultConfigurationName = Release;
		};
		130A3FF11D789A0F004E9583 /* Build configuration list for PBXNativeTarget "JDTransition" */ = {
			isa = XCConfigurationList;
			buildConfigurations = (
				130A3FF21D789A0F004E9583 /* Debug */,
				130A3FF31D789A0F004E9583 /* Release */,
			);
			defaultConfigurationIsVisible = 0;
			defaultConfigurationName = Release;
		};
/* End XCConfigurationList section */
	};
	rootObject = 130A3FE01D789A0F004E9583 /* Project object */;
}
